// !$*UTF8*$!
{
	archiveVersion = 1;
	classes = {
	};
	objectVersion = 56;
	objects = {

/* Begin PBXBuildFile section */
		8247321828DFAC990076351B /* AppDelegate.swift in Sources */ = {isa = PBXBuildFile; fileRef = 8247321728DFAC990076351B /* AppDelegate.swift */; };
		8247321A28DFAC990076351B /* SceneDelegate.swift in Sources */ = {isa = PBXBuildFile; fileRef = 8247321928DFAC990076351B /* SceneDelegate.swift */; };
		8247321C28DFAC990076351B /* MainTabBarController.swift in Sources */ = {isa = PBXBuildFile; fileRef = 8247321B28DFAC990076351B /* MainTabBarController.swift */; };
		8247322128DFACA00076351B /* Assets.xcassets in Resources */ = {isa = PBXBuildFile; fileRef = 8247322028DFACA00076351B /* Assets.xcassets */; };
		8247322428DFACA00076351B /* LaunchScreen.storyboard in Resources */ = {isa = PBXBuildFile; fileRef = 8247322228DFACA00076351B /* LaunchScreen.storyboard */; };
		829C82E328E0DEE000976AEB /* APICaller.swift in Sources */ = {isa = PBXBuildFile; fileRef = 829C82E228E0DEE000976AEB /* APICaller.swift */; };
		829C82E528E0E22A00976AEB /* MoviesResponse.swift in Sources */ = {isa = PBXBuildFile; fileRef = 829C82E428E0E22A00976AEB /* MoviesResponse.swift */; };
		829C82E728E0ED4900976AEB /* TVShowsResponse.swift in Sources */ = {isa = PBXBuildFile; fileRef = 829C82E628E0ED4900976AEB /* TVShowsResponse.swift */; };
		82BA2A4C28DFB20700B13A8B /* HomeViewController.swift in Sources */ = {isa = PBXBuildFile; fileRef = 82BA2A4B28DFB20700B13A8B /* HomeViewController.swift */; };
		82BA2A4E28DFB23B00B13A8B /* DownloadsViewController.swift in Sources */ = {isa = PBXBuildFile; fileRef = 82BA2A4D28DFB23B00B13A8B /* DownloadsViewController.swift */; };
		82BA2A5028DFB27900B13A8B /* ComingSoonViewController.swift in Sources */ = {isa = PBXBuildFile; fileRef = 82BA2A4F28DFB27900B13A8B /* ComingSoonViewController.swift */; };
		82BA2A5228DFB28900B13A8B /* TopSearchesViewController.swift in Sources */ = {isa = PBXBuildFile; fileRef = 82BA2A5128DFB28900B13A8B /* TopSearchesViewController.swift */; };
		82BA2A5528DFB73000B13A8B /* UIColor+.swift in Sources */ = {isa = PBXBuildFile; fileRef = 82BA2A5428DFB73000B13A8B /* UIColor+.swift */; };
		82BA2A5728DFBA7700B13A8B /* CollectionViewTableViewCell.swift in Sources */ = {isa = PBXBuildFile; fileRef = 82BA2A5628DFBA7700B13A8B /* CollectionViewTableViewCell.swift */; };
		82BA2A5928DFC28800B13A8B /* HeaderView.swift in Sources */ = {isa = PBXBuildFile; fileRef = 82BA2A5828DFC28800B13A8B /* HeaderView.swift */; };
/* End PBXBuildFile section */

/* Begin PBXFileReference section */
		8247321428DFAC990076351B /* NetflixClone.app */ = {isa = PBXFileReference; explicitFileType = wrapper.application; includeInIndex = 0; path = NetflixClone.app; sourceTree = BUILT_PRODUCTS_DIR; };
		8247321728DFAC990076351B /* AppDelegate.swift */ = {isa = PBXFileReference; lastKnownFileType = sourcecode.swift; path = AppDelegate.swift; sourceTree = "<group>"; };
		8247321928DFAC990076351B /* SceneDelegate.swift */ = {isa = PBXFileReference; lastKnownFileType = sourcecode.swift; path = SceneDelegate.swift; sourceTree = "<group>"; };
		8247321B28DFAC990076351B /* MainTabBarController.swift */ = {isa = PBXFileReference; lastKnownFileType = sourcecode.swift; path = MainTabBarController.swift; sourceTree = "<group>"; };
		8247322028DFACA00076351B /* Assets.xcassets */ = {isa = PBXFileReference; lastKnownFileType = folder.assetcatalog; path = Assets.xcassets; sourceTree = "<group>"; };
		8247322328DFACA00076351B /* Base */ = {isa = PBXFileReference; lastKnownFileType = file.storyboard; name = Base; path = Base.lproj/LaunchScreen.storyboard; sourceTree = "<group>"; };
		8247322528DFACA00076351B /* Info.plist */ = {isa = PBXFileReference; lastKnownFileType = text.plist.xml; path = Info.plist; sourceTree = "<group>"; };
		829C82E228E0DEE000976AEB /* APICaller.swift */ = {isa = PBXFileReference; lastKnownFileType = sourcecode.swift; path = APICaller.swift; sourceTree = "<group>"; };
		829C82E428E0E22A00976AEB /* MoviesResponse.swift */ = {isa = PBXFileReference; lastKnownFileType = sourcecode.swift; path = MoviesResponse.swift; sourceTree = "<group>"; };
		829C82E628E0ED4900976AEB /* TVShowsResponse.swift */ = {isa = PBXFileReference; lastKnownFileType = sourcecode.swift; path = TVShowsResponse.swift; sourceTree = "<group>"; };
		82BA2A4B28DFB20700B13A8B /* HomeViewController.swift */ = {isa = PBXFileReference; lastKnownFileType = sourcecode.swift; path = HomeViewController.swift; sourceTree = "<group>"; };
		82BA2A4D28DFB23B00B13A8B /* DownloadsViewController.swift */ = {isa = PBXFileReference; lastKnownFileType = sourcecode.swift; path = DownloadsViewController.swift; sourceTree = "<group>"; };
		82BA2A4F28DFB27900B13A8B /* ComingSoonViewController.swift */ = {isa = PBXFileReference; lastKnownFileType = sourcecode.swift; path = ComingSoonViewController.swift; sourceTree = "<group>"; };
		82BA2A5128DFB28900B13A8B /* TopSearchesViewController.swift */ = {isa = PBXFileReference; lastKnownFileType = sourcecode.swift; path = TopSearchesViewController.swift; sourceTree = "<group>"; };
		82BA2A5428DFB73000B13A8B /* UIColor+.swift */ = {isa = PBXFileReference; lastKnownFileType = sourcecode.swift; path = "UIColor+.swift"; sourceTree = "<group>"; };
		82BA2A5628DFBA7700B13A8B /* CollectionViewTableViewCell.swift */ = {isa = PBXFileReference; lastKnownFileType = sourcecode.swift; path = CollectionViewTableViewCell.swift; sourceTree = "<group>"; };
		82BA2A5828DFC28800B13A8B /* HeaderView.swift */ = {isa = PBXFileReference; lastKnownFileType = sourcecode.swift; path = HeaderView.swift; sourceTree = "<group>"; };
/* End PBXFileReference section */

/* Begin PBXFrameworksBuildPhase section */
		8247321128DFAC990076351B /* Frameworks */ = {
			isa = PBXFrameworksBuildPhase;
			buildActionMask = 2147483647;
			files = (
			);
			runOnlyForDeploymentPostprocessing = 0;
		};
/* End PBXFrameworksBuildPhase section */

/* Begin PBXGroup section */
		8247320B28DFAC990076351B = {
			isa = PBXGroup;
			children = (
				8247321628DFAC990076351B /* NetflixClone */,
				8247321528DFAC990076351B /* Products */,
			);
			sourceTree = "<group>";
		};
		8247321528DFAC990076351B /* Products */ = {
			isa = PBXGroup;
			children = (
				8247321428DFAC990076351B /* NetflixClone.app */,
			);
			name = Products;
			sourceTree = "<group>";
		};
		8247321628DFAC990076351B /* NetflixClone */ = {
			isa = PBXGroup;
			children = (
				829C82E128E0DED500976AEB /* Service */,
				82BA2A4A28DFB19E00B13A8B /* Controllers */,
				82BA2A5328DFB72500B13A8B /* Extensions */,
				8247322528DFACA00076351B /* Info.plist */,
				8247321B28DFAC990076351B /* MainTabBarController.swift */,
				82BA2A4728DFB18500B13A8B /* Model */,
				82BA2A4628DFB17300B13A8B /* Resources */,
				82BA2A4828DFB18800B13A8B /* View */,
				82BA2A4928DFB18A00B13A8B /* ViewModel */,
			);
			path = NetflixClone;
			sourceTree = "<group>";
		};
		829C82E128E0DED500976AEB /* Service */ = {
			isa = PBXGroup;
			children = (
				829C82E228E0DEE000976AEB /* APICaller.swift */,
			);
			path = Service;
			sourceTree = "<group>";
		};
		82BA2A4628DFB17300B13A8B /* Resources */ = {
			isa = PBXGroup;
			children = (
				8247321728DFAC990076351B /* AppDelegate.swift */,
				8247322028DFACA00076351B /* Assets.xcassets */,
				8247322228DFACA00076351B /* LaunchScreen.storyboard */,
				8247321928DFAC990076351B /* SceneDelegate.swift */,
			);
			path = Resources;
			sourceTree = "<group>";
		};
		82BA2A4728DFB18500B13A8B /* Model */ = {
			isa = PBXGroup;
			children = (
				829C82E428E0E22A00976AEB /* MoviesResponse.swift */,
				829C82E628E0ED4900976AEB /* TVShowsResponse.swift */,
			);
			path = Model;
			sourceTree = "<group>";
		};
		82BA2A4828DFB18800B13A8B /* View */ = {
			isa = PBXGroup;
			children = (
				82BA2A5628DFBA7700B13A8B /* CollectionViewTableViewCell.swift */,
				82BA2A5828DFC28800B13A8B /* HeaderView.swift */,
			);
			path = View;
			sourceTree = "<group>";
		};
		82BA2A4928DFB18A00B13A8B /* ViewModel */ = {
			isa = PBXGroup;
			children = (
			);
			path = ViewModel;
			sourceTree = "<group>";
		};
		82BA2A4A28DFB19E00B13A8B /* Controllers */ = {
			isa = PBXGroup;
			children = (
				82BA2A4B28DFB20700B13A8B /* HomeViewController.swift */,
				82BA2A4D28DFB23B00B13A8B /* DownloadsViewController.swift */,
				82BA2A4F28DFB27900B13A8B /* ComingSoonViewController.swift */,
				82BA2A5128DFB28900B13A8B /* TopSearchesViewController.swift */,
			);
			path = Controllers;
			sourceTree = "<group>";
		};
		82BA2A5328DFB72500B13A8B /* Extensions */ = {
			isa = PBXGroup;
			children = (
				82BA2A5428DFB73000B13A8B /* UIColor+.swift */,
			);
			path = Extensions;
			sourceTree = "<group>";
		};
/* End PBXGroup section */

/* Begin PBXNativeTarget section */
		8247321328DFAC990076351B /* NetflixClone */ = {
			isa = PBXNativeTarget;
			buildConfigurationList = 8247322828DFACA00076351B /* Build configuration list for PBXNativeTarget "NetflixClone" */;
			buildPhases = (
				8247321028DFAC990076351B /* Sources */,
				8247321128DFAC990076351B /* Frameworks */,
				8247321228DFAC990076351B /* Resources */,
			);
			buildRules = (
			);
			dependencies = (
			);
			name = NetflixClone;
			productName = NetflixClone;
			productReference = 8247321428DFAC990076351B /* NetflixClone.app */;
			productType = "com.apple.product-type.application";
		};
/* End PBXNativeTarget section */

/* Begin PBXProject section */
		8247320C28DFAC990076351B /* Project object */ = {
			isa = PBXProject;
			attributes = {
				BuildIndependentTargetsInParallel = 1;
				LastSwiftUpdateCheck = 1400;
				LastUpgradeCheck = 1400;
				TargetAttributes = {
					8247321328DFAC990076351B = {
						CreatedOnToolsVersion = 14.0;
					};
				};
			};
			buildConfigurationList = 8247320F28DFAC990076351B /* Build configuration list for PBXProject "NetflixClone" */;
			compatibilityVersion = "Xcode 14.0";
			developmentRegion = en;
			hasScannedForEncodings = 0;
			knownRegions = (
				en,
				Base,
			);
			mainGroup = 8247320B28DFAC990076351B;
			productRefGroup = 8247321528DFAC990076351B /* Products */;
			projectDirPath = "";
			projectRoot = "";
			targets = (
				8247321328DFAC990076351B /* NetflixClone */,
			);
		};
/* End PBXProject section */

/* Begin PBXResourcesBuildPhase section */
		8247321228DFAC990076351B /* Resources */ = {
			isa = PBXResourcesBuildPhase;
			buildActionMask = 2147483647;
			files = (
				8247322428DFACA00076351B /* LaunchScreen.storyboard in Resources */,
				8247322128DFACA00076351B /* Assets.xcassets in Resources */,
			);
			runOnlyForDeploymentPostprocessing = 0;
		};
/* End PBXResourcesBuildPhase section */

/* Begin PBXSourcesBuildPhase section */
		8247321028DFAC990076351B /* Sources */ = {
			isa = PBXSourcesBuildPhase;
			buildActionMask = 2147483647;
			files = (
				829C82E528E0E22A00976AEB /* MoviesResponse.swift in Sources */,
				82BA2A4E28DFB23B00B13A8B /* DownloadsViewController.swift in Sources */,
				82BA2A5528DFB73000B13A8B /* UIColor+.swift in Sources */,
				8247321C28DFAC990076351B /* MainTabBarController.swift in Sources */,
				8247321828DFAC990076351B /* AppDelegate.swift in Sources */,
				8247321A28DFAC990076351B /* SceneDelegate.swift in Sources */,
				82BA2A5928DFC28800B13A8B /* HeaderView.swift in Sources */,
				82BA2A5728DFBA7700B13A8B /* CollectionViewTableViewCell.swift in Sources */,
				829C82E728E0ED4900976AEB /* TVShowsResponse.swift in Sources */,
				82BA2A5028DFB27900B13A8B /* ComingSoonViewController.swift in Sources */,
				829C82E328E0DEE000976AEB /* APICaller.swift in Sources */,
				82BA2A4C28DFB20700B13A8B /* HomeViewController.swift in Sources */,
				82BA2A5228DFB28900B13A8B /* TopSearchesViewController.swift in Sources */,
			);
			runOnlyForDeploymentPostprocessing = 0;
		};
/* End PBXSourcesBuildPhase section */

/* Begin PBXVariantGroup section */
		8247322228DFACA00076351B /* LaunchScreen.storyboard */ = {
			isa = PBXVariantGroup;
			children = (
				8247322328DFACA00076351B /* Base */,
			);
			name = LaunchScreen.storyboard;
			sourceTree = "<group>";
		};
/* End PBXVariantGroup section */

/* Begin XCBuildConfiguration section */
		8247322628DFACA00076351B /* Debug */ = {
			isa = XCBuildConfiguration;
			buildSettings = {
				ALWAYS_SEARCH_USER_PATHS = NO;
				CLANG_ANALYZER_NONNULL = YES;
				CLANG_ANALYZER_NUMBER_OBJECT_CONVERSION = YES_AGGRESSIVE;
				CLANG_CXX_LANGUAGE_STANDARD = "gnu++20";
				CLANG_ENABLE_MODULES = YES;
				CLANG_ENABLE_OBJC_ARC = YES;
				CLANG_ENABLE_OBJC_WEAK = YES;
				CLANG_WARN_BLOCK_CAPTURE_AUTORELEASING = YES;
				CLANG_WARN_BOOL_CONVERSION = YES;
				CLANG_WARN_COMMA = YES;
				CLANG_WARN_CONSTANT_CONVERSION = YES;
				CLANG_WARN_DEPRECATED_OBJC_IMPLEMENTATIONS = YES;
				CLANG_WARN_DIRECT_OBJC_ISA_USAGE = YES_ERROR;
				CLANG_WARN_DOCUMENTATION_COMMENTS = YES;
				CLANG_WARN_EMPTY_BODY = YES;
				CLANG_WARN_ENUM_CONVERSION = YES;
				CLANG_WARN_INFINITE_RECURSION = YES;
				CLANG_WARN_INT_CONVERSION = YES;
				CLANG_WARN_NON_LITERAL_NULL_CONVERSION = YES;
				CLANG_WARN_OBJC_IMPLICIT_RETAIN_SELF = YES;
				CLANG_WARN_OBJC_LITERAL_CONVERSION = YES;
				CLANG_WARN_OBJC_ROOT_CLASS = YES_ERROR;
				CLANG_WARN_QUOTED_INCLUDE_IN_FRAMEWORK_HEADER = YES;
				CLANG_WARN_RANGE_LOOP_ANALYSIS = YES;
				CLANG_WARN_STRICT_PROTOTYPES = YES;
				CLANG_WARN_SUSPICIOUS_MOVE = YES;
				CLANG_WARN_UNGUARDED_AVAILABILITY = YES_AGGRESSIVE;
				CLANG_WARN_UNREACHABLE_CODE = YES;
				CLANG_WARN__DUPLICATE_METHOD_MATCH = YES;
				COPY_PHASE_STRIP = NO;
				DEBUG_INFORMATION_FORMAT = dwarf;
				ENABLE_STRICT_OBJC_MSGSEND = YES;
				ENABLE_TESTABILITY = YES;
				GCC_C_LANGUAGE_STANDARD = gnu11;
				GCC_DYNAMIC_NO_PIC = NO;
				GCC_NO_COMMON_BLOCKS = YES;
				GCC_OPTIMIZATION_LEVEL = 0;
				GCC_PREPROCESSOR_DEFINITIONS = (
					"DEBUG=1",
					"$(inherited)",
				);
				GCC_WARN_64_TO_32_BIT_CONVERSION = YES;
				GCC_WARN_ABOUT_RETURN_TYPE = YES_ERROR;
				GCC_WARN_UNDECLARED_SELECTOR = YES;
				GCC_WARN_UNINITIALIZED_AUTOS = YES_AGGRESSIVE;
				GCC_WARN_UNUSED_FUNCTION = YES;
				GCC_WARN_UNUSED_VARIABLE = YES;
				IPHONEOS_DEPLOYMENT_TARGET = 16.0;
				MTL_ENABLE_DEBUG_INFO = INCLUDE_SOURCE;
				MTL_FAST_MATH = YES;
				ONLY_ACTIVE_ARCH = YES;
				SDKROOT = iphoneos;
				SWIFT_ACTIVE_COMPILATION_CONDITIONS = DEBUG;
				SWIFT_OPTIMIZATION_LEVEL = "-Onone";
			};
			name = Debug;
		};
		8247322728DFACA00076351B /* Release */ = {
			isa = XCBuildConfiguration;
			buildSettings = {
				ALWAYS_SEARCH_USER_PATHS = NO;
				CLANG_ANALYZER_NONNULL = YES;
				CLANG_ANALYZER_NUMBER_OBJECT_CONVERSION = YES_AGGRESSIVE;
				CLANG_CXX_LANGUAGE_STANDARD = "gnu++20";
				CLANG_ENABLE_MODULES = YES;
				CLANG_ENABLE_OBJC_ARC = YES;
				CLANG_ENABLE_OBJC_WEAK = YES;
				CLANG_WARN_BLOCK_CAPTURE_AUTORELEASING = YES;
				CLANG_WARN_BOOL_CONVERSION = YES;
				CLANG_WARN_COMMA = YES;
				CLANG_WARN_CONSTANT_CONVERSION = YES;
				CLANG_WARN_DEPRECATED_OBJC_IMPLEMENTATIONS = YES;
				CLANG_WARN_DIRECT_OBJC_ISA_USAGE = YES_ERROR;
				CLANG_WARN_DOCUMENTATION_COMMENTS = YES;
				CLANG_WARN_EMPTY_BODY = YES;
				CLANG_WARN_ENUM_CONVERSION = YES;
				CLANG_WARN_INFINITE_RECURSION = YES;
				CLANG_WARN_INT_CONVERSION = YES;
				CLANG_WARN_NON_LITERAL_NULL_CONVERSION = YES;
				CLANG_WARN_OBJC_IMPLICIT_RETAIN_SELF = YES;
				CLANG_WARN_OBJC_LITERAL_CONVERSION = YES;
				CLANG_WARN_OBJC_ROOT_CLASS = YES_ERROR;
				CLANG_WARN_QUOTED_INCLUDE_IN_FRAMEWORK_HEADER = YES;
				CLANG_WARN_RANGE_LOOP_ANALYSIS = YES;
				CLANG_WARN_STRICT_PROTOTYPES = YES;
				CLANG_WARN_SUSPICIOUS_MOVE = YES;
				CLANG_WARN_UNGUARDED_AVAILABILITY = YES_AGGRESSIVE;
				CLANG_WARN_UNREACHABLE_CODE = YES;
				CLANG_WARN__DUPLICATE_METHOD_MATCH = YES;
				COPY_PHASE_STRIP = NO;
				DEBUG_INFORMATION_FORMAT = "dwarf-with-dsym";
				ENABLE_NS_ASSERTIONS = NO;
				ENABLE_STRICT_OBJC_MSGSEND = YES;
				GCC_C_LANGUAGE_STANDARD = gnu11;
				GCC_NO_COMMON_BLOCKS = YES;
				GCC_WARN_64_TO_32_BIT_CONVERSION = YES;
				GCC_WARN_ABOUT_RETURN_TYPE = YES_ERROR;
				GCC_WARN_UNDECLARED_SELECTOR = YES;
				GCC_WARN_UNINITIALIZED_AUTOS = YES_AGGRESSIVE;
				GCC_WARN_UNUSED_FUNCTION = YES;
				GCC_WARN_UNUSED_VARIABLE = YES;
				IPHONEOS_DEPLOYMENT_TARGET = 16.0;
				MTL_ENABLE_DEBUG_INFO = NO;
				MTL_FAST_MATH = YES;
				SDKROOT = iphoneos;
				SWIFT_COMPILATION_MODE = wholemodule;
				SWIFT_OPTIMIZATION_LEVEL = "-O";
				VALIDATE_PRODUCT = YES;
			};
			name = Release;
		};
		8247322928DFACA00076351B /* Debug */ = {
			isa = XCBuildConfiguration;
			buildSettings = {
				ASSETCATALOG_COMPILER_APPICON_NAME = AppIcon;
				ASSETCATALOG_COMPILER_GLOBAL_ACCENT_COLOR_NAME = AccentColor;
				CODE_SIGN_STYLE = Automatic;
				CURRENT_PROJECT_VERSION = 1;
				DEVELOPMENT_TEAM = X2R4Q8ATZU;
				GENERATE_INFOPLIST_FILE = YES;
				INFOPLIST_FILE = NetflixClone/Info.plist;
				INFOPLIST_KEY_UIApplicationSupportsIndirectInputEvents = YES;
				INFOPLIST_KEY_UILaunchStoryboardName = LaunchScreen;
				INFOPLIST_KEY_UISupportedInterfaceOrientations = UIInterfaceOrientationPortrait;
				LD_RUNPATH_SEARCH_PATHS = (
					"$(inherited)",
					"@executable_path/Frameworks",
				);
				MARKETING_VERSION = 1.0;
				PRODUCT_BUNDLE_IDENTIFIER = gmail.igormedfer.NetflixClone;
				PRODUCT_NAME = "$(TARGET_NAME)";
				SWIFT_EMIT_LOC_STRINGS = YES;
				SWIFT_VERSION = 5.0;
				TARGETED_DEVICE_FAMILY = "1,2";
			};
			name = Debug;
		};
		8247322A28DFACA00076351B /* Release */ = {
			isa = XCBuildConfiguration;
			buildSettings = {
				ASSETCATALOG_COMPILER_APPICON_NAME = AppIcon;
				ASSETCATALOG_COMPILER_GLOBAL_ACCENT_COLOR_NAME = AccentColor;
				CODE_SIGN_STYLE = Automatic;
				CURRENT_PROJECT_VERSION = 1;
				DEVELOPMENT_TEAM = X2R4Q8ATZU;
				GENERATE_INFOPLIST_FILE = YES;
				INFOPLIST_FILE = NetflixClone/Info.plist;
				INFOPLIST_KEY_UIApplicationSupportsIndirectInputEvents = YES;
				INFOPLIST_KEY_UILaunchStoryboardName = LaunchScreen;
				INFOPLIST_KEY_UISupportedInterfaceOrientations = UIInterfaceOrientationPortrait;
				LD_RUNPATH_SEARCH_PATHS = (
					"$(inherited)",
					"@executable_path/Frameworks",
				);
				MARKETING_VERSION = 1.0;
				PRODUCT_BUNDLE_IDENTIFIER = gmail.igormedfer.NetflixClone;
				PRODUCT_NAME = "$(TARGET_NAME)";
				SWIFT_EMIT_LOC_STRINGS = YES;
				SWIFT_VERSION = 5.0;
				TARGETED_DEVICE_FAMILY = "1,2";
			};
			name = Release;
		};
/* End XCBuildConfiguration section */

/* Begin XCConfigurationList section */
		8247320F28DFAC990076351B /* Build configuration list for PBXProject "NetflixClone" */ = {
			isa = XCConfigurationList;
			buildConfigurations = (
				8247322628DFACA00076351B /* Debug */,
				8247322728DFACA00076351B /* Release */,
			);
			defaultConfigurationIsVisible = 0;
			defaultConfigurationName = Release;
		};
		8247322828DFACA00076351B /* Build configuration list for PBXNativeTarget "NetflixClone" */ = {
			isa = XCConfigurationList;
			buildConfigurations = (
				8247322928DFACA00076351B /* Debug */,
				8247322A28DFACA00076351B /* Release */,
			);
			defaultConfigurationIsVisible = 0;
			defaultConfigurationName = Release;
		};
/* End XCConfigurationList section */
	};
	rootObject = 8247320C28DFAC990076351B /* Project object */;
}
